
Microsoft Visual Studio Solution File, Format Version 12.00
# Visual Studio 14
VisualStudioVersion = 14.0.25420.1
MinimumVisualStudioVersion = 10.0.40219.1
Project("{2150E333-8FDC-42A3-9474-1A3956D46DE8}") = "src", "src", "{66EE2752-2C65-41E4-A714-4A5851691E22}"
EndProject
Project("{2150E333-8FDC-42A3-9474-1A3956D46DE8}") = "Solution Items", "Solution Items", "{DA0D2263-33CB-4694-B197-D7CE012848EA}"
	ProjectSection(SolutionItems) = preProject
		global.json = global.json
	EndProjectSection
EndProject
Project("{8BB2217D-0F2D-49D1-97BC-3654ED321F3B}") = "DeployAwsWebApplication", "src\DeployAwsWebApplication\DeployAwsWebApplication.xproj", "{F368BA85-7839-4046-99C9-9CA9F8F56218}"
EndProject
Global
	GlobalSection(SolutionConfigurationPlatforms) = preSolution
		Debug|Any CPU = Debug|Any CPU
		Release|Any CPU = Release|Any CPU
	EndGlobalSection
	GlobalSection(ProjectConfigurationPlatforms) = postSolution
		{F368BA85-7839-4046-99C9-9CA9F8F56218}.Debug|Any CPU.ActiveCfg = Debug|Any CPU
		{F368BA85-7839-4046-99C9-9CA9F8F56218}.Debug|Any CPU.Build.0 = Debug|Any CPU
		{F368BA85-7839-4046-99C9-9CA9F8F56218}.Release|Any CPU.ActiveCfg = Release|Any CPU
		{F368BA85-7839-4046-99C9-9CA9F8F56218}.Release|Any CPU.Build.0 = Release|Any CPU
	EndGlobalSection
	GlobalSection(SolutionProperties) = preSolution
		HideSolutionNode = FALSE
	EndGlobalSection
	GlobalSection(NestedProjects) = preSolution
		{F368BA85-7839-4046-99C9-9CA9F8F56218} = {66EE2752-2C65-41E4-A714-4A5851691E22}
	EndGlobalSection
EndGlobal
